{
  "requires": true,
  "lockfileVersion": 1,
  "dependencies": {
    "axios": {
      "version": "0.26.1",
      "resolved": "https://registry.npmjs.org/axios/-/axios-0.26.1.tgz",
      "integrity": "sha512-fPwcX4EvnSHuInCMItEhAGnaSEXRBjtzh9fOtsE6E1G6p7vl7edEeZe11QHf18+6+9gR5PbKV/sGKNaD8YaMeA==",
      "requires": {
        "follow-redirects": "^1.14.8"
      }
    },
    "follow-redirects": {
      "version": "1.15.1",
      "resolved": "https://registry.npmjs.org/follow-redirects/-/follow-redirects-1.15.1.tgz",
      "integrity": "sha512-yLAMQs+k0b2m7cVxpS1VKJVvoz7SS9Td1zss3XRwXj+ZDH00RJgnuLx7E44wx02kQLrdM3aOOy+FpzS7+8OizA=="
    },
    "prometheus-query": {
      "version": "3.2.3",
      "resolved": "https://registry.npmjs.org/prometheus-query/-/prometheus-query-3.2.3.tgz",
      "integrity": "sha512-n5xFpgz0FCvu+ZylxIgFWf+xGpv/M+rOS2MmJ+yPznpAL+RqHxGA8rU5VVcb4rwHqCuZTEh+GHXzWFcaYDl0bw==",
      "requires": {
        "axios": "^0.26.1"
      }
    }
  }
}
